// !$*UTF8*$!
{
	archiveVersion = 1;
	classes = {
	};
	objectVersion = 50;
	objects = {

/* Begin PBXBuildFile section */
		49E1EE9C24068044003611A8 /* AppDelegate.m in Sources */ = {isa = PBXBuildFile; fileRef = 49E1EE9B24068044003611A8 /* AppDelegate.m */; };
		49E1EE9F24068044003611A8 /* SceneDelegate.m in Sources */ = {isa = PBXBuildFile; fileRef = 49E1EE9E24068044003611A8 /* SceneDelegate.m */; };
		49E1EEA224068044003611A8 /* MainViewController.m in Sources */ = {isa = PBXBuildFile; fileRef = 49E1EEA124068044003611A8 /* MainViewController.m */; };
		49E1EEA724068045003611A8 /* Assets.xcassets in Resources */ = {isa = PBXBuildFile; fileRef = 49E1EEA624068045003611A8 /* Assets.xcassets */; };
		49E1EEAA24068045003611A8 /* LaunchScreen.storyboard in Resources */ = {isa = PBXBuildFile; fileRef = 49E1EEA824068045003611A8 /* LaunchScreen.storyboard */; };
		49E1EEAD24068045003611A8 /* main.m in Sources */ = {isa = PBXBuildFile; fileRef = 49E1EEAC24068045003611A8 /* main.m */; };
		49E1EEB624068A6D003611A8 /* WindowCreator.m in Sources */ = {isa = PBXBuildFile; fileRef = 49E1EEB524068A6D003611A8 /* WindowCreator.m */; };
		49E1EEBD2406996C003611A8 /* MainViewControllerViewModel.m in Sources */ = {isa = PBXBuildFile; fileRef = 49E1EEBC2406996C003611A8 /* MainViewControllerViewModel.m */; };
		49E1EEC12406C4D4003611A8 /* ItemsRepository.m in Sources */ = {isa = PBXBuildFile; fileRef = 49E1EEC02406C4D4003611A8 /* ItemsRepository.m */; };
		49E1EEC42406CD8B003611A8 /* Constants.m in Sources */ = {isa = PBXBuildFile; fileRef = 49E1EEC32406CD8B003611A8 /* Constants.m */; };
		49E1EEC8240760E9003611A8 /* NetworkManager.m in Sources */ = {isa = PBXBuildFile; fileRef = 49E1EEC7240760E9003611A8 /* NetworkManager.m */; };
		49E1EECB24077143003611A8 /* ImageDownloadOperation.m in Sources */ = {isa = PBXBuildFile; fileRef = 49E1EECA24077143003611A8 /* ImageDownloadOperation.m */; };
		49E1EECE2407BB68003611A8 /* MainCollectionViewCell.m in Sources */ = {isa = PBXBuildFile; fileRef = 49E1EECD2407BB68003611A8 /* MainCollectionViewCell.m */; };
		49E1EED42407E1B6003611A8 /* MainCollectionFlow.m in Sources */ = {isa = PBXBuildFile; fileRef = 49E1EED32407E1B6003611A8 /* MainCollectionFlow.m */; };
		49E1EED924080E91003611A8 /* UserSettingsHandler.m in Sources */ = {isa = PBXBuildFile; fileRef = 49E1EED824080E91003611A8 /* UserSettingsHandler.m */; };
		49E1EEDC240813E4003611A8 /* SettingsViewController.m in Sources */ = {isa = PBXBuildFile; fileRef = 49E1EEDB240813E4003611A8 /* SettingsViewController.m */; };
/* End PBXBuildFile section */

/* Begin PBXFileReference section */
		49E1EE9724068044003611A8 /* XP Showcase.app */ = {isa = PBXFileReference; explicitFileType = wrapper.application; includeInIndex = 0; path = "XP Showcase.app"; sourceTree = BUILT_PRODUCTS_DIR; };
		49E1EE9A24068044003611A8 /* AppDelegate.h */ = {isa = PBXFileReference; lastKnownFileType = sourcecode.c.h; path = AppDelegate.h; sourceTree = "<group>"; };
		49E1EE9B24068044003611A8 /* AppDelegate.m */ = {isa = PBXFileReference; lastKnownFileType = sourcecode.c.objc; path = AppDelegate.m; sourceTree = "<group>"; };
		49E1EE9D24068044003611A8 /* SceneDelegate.h */ = {isa = PBXFileReference; lastKnownFileType = sourcecode.c.h; path = SceneDelegate.h; sourceTree = "<group>"; };
		49E1EE9E24068044003611A8 /* SceneDelegate.m */ = {isa = PBXFileReference; lastKnownFileType = sourcecode.c.objc; path = SceneDelegate.m; sourceTree = "<group>"; };
		49E1EEA124068044003611A8 /* MainViewController.m */ = {isa = PBXFileReference; lastKnownFileType = sourcecode.c.objc; path = MainViewController.m; sourceTree = "<group>"; };
		49E1EEA624068045003611A8 /* Assets.xcassets */ = {isa = PBXFileReference; lastKnownFileType = folder.assetcatalog; path = Assets.xcassets; sourceTree = "<group>"; };
		49E1EEA924068045003611A8 /* Base */ = {isa = PBXFileReference; lastKnownFileType = file.storyboard; name = Base; path = Base.lproj/LaunchScreen.storyboard; sourceTree = "<group>"; };
		49E1EEAB24068045003611A8 /* Info.plist */ = {isa = PBXFileReference; lastKnownFileType = text.plist.xml; path = Info.plist; sourceTree = "<group>"; };
		49E1EEAC24068045003611A8 /* main.m */ = {isa = PBXFileReference; lastKnownFileType = sourcecode.c.objc; path = main.m; sourceTree = "<group>"; };
		49E1EEB524068A6D003611A8 /* WindowCreator.m */ = {isa = PBXFileReference; lastKnownFileType = sourcecode.c.objc; path = WindowCreator.m; sourceTree = "<group>"; };
		49E1EEB724068A91003611A8 /* WindowCreator.h */ = {isa = PBXFileReference; lastKnownFileType = sourcecode.c.h; path = WindowCreator.h; sourceTree = "<group>"; };
		49E1EEB824069077003611A8 /* MainViewController.h */ = {isa = PBXFileReference; fileEncoding = 4; lastKnownFileType = sourcecode.c.h; path = MainViewController.h; sourceTree = "<group>"; };
		49E1EEBB24069946003611A8 /* MainViewControllerViewModel.h */ = {isa = PBXFileReference; lastKnownFileType = sourcecode.c.h; path = MainViewControllerViewModel.h; sourceTree = "<group>"; };
		49E1EEBC2406996C003611A8 /* MainViewControllerViewModel.m */ = {isa = PBXFileReference; lastKnownFileType = sourcecode.c.objc; path = MainViewControllerViewModel.m; sourceTree = "<group>"; };
		49E1EEBF2406C318003611A8 /* ItemsRepository.h */ = {isa = PBXFileReference; lastKnownFileType = sourcecode.c.h; path = ItemsRepository.h; sourceTree = "<group>"; };
		49E1EEC02406C4D4003611A8 /* ItemsRepository.m */ = {isa = PBXFileReference; lastKnownFileType = sourcecode.c.objc; path = ItemsRepository.m; sourceTree = "<group>"; };
		49E1EEC22406CCC3003611A8 /* Constants.h */ = {isa = PBXFileReference; lastKnownFileType = sourcecode.c.h; path = Constants.h; sourceTree = "<group>"; };
		49E1EEC32406CD8B003611A8 /* Constants.m */ = {isa = PBXFileReference; lastKnownFileType = sourcecode.c.objc; path = Constants.m; sourceTree = "<group>"; };
		49E1EEC624076038003611A8 /* NetworkManager.h */ = {isa = PBXFileReference; lastKnownFileType = sourcecode.c.h; path = NetworkManager.h; sourceTree = "<group>"; };
		49E1EEC7240760E9003611A8 /* NetworkManager.m */ = {isa = PBXFileReference; lastKnownFileType = sourcecode.c.objc; path = NetworkManager.m; sourceTree = "<group>"; };
		49E1EEC924077135003611A8 /* ImageDownloadOperation.h */ = {isa = PBXFileReference; lastKnownFileType = sourcecode.c.h; path = ImageDownloadOperation.h; sourceTree = "<group>"; };
		49E1EECA24077143003611A8 /* ImageDownloadOperation.m */ = {isa = PBXFileReference; lastKnownFileType = sourcecode.c.objc; path = ImageDownloadOperation.m; sourceTree = "<group>"; };
		49E1EECC2407BB20003611A8 /* MainCollectionViewCell.h */ = {isa = PBXFileReference; lastKnownFileType = sourcecode.c.h; path = MainCollectionViewCell.h; sourceTree = "<group>"; };
		49E1EECD2407BB68003611A8 /* MainCollectionViewCell.m */ = {isa = PBXFileReference; lastKnownFileType = sourcecode.c.objc; path = MainCollectionViewCell.m; sourceTree = "<group>"; };
		49E1EED22407E16B003611A8 /* MainCollectionFlow.h */ = {isa = PBXFileReference; lastKnownFileType = sourcecode.c.h; path = MainCollectionFlow.h; sourceTree = "<group>"; };
		49E1EED32407E1B6003611A8 /* MainCollectionFlow.m */ = {isa = PBXFileReference; lastKnownFileType = sourcecode.c.objc; path = MainCollectionFlow.m; sourceTree = "<group>"; };
		49E1EED724080E59003611A8 /* UserSettingsHandler.h */ = {isa = PBXFileReference; lastKnownFileType = sourcecode.c.h; path = UserSettingsHandler.h; sourceTree = "<group>"; };
		49E1EED824080E91003611A8 /* UserSettingsHandler.m */ = {isa = PBXFileReference; lastKnownFileType = sourcecode.c.objc; path = UserSettingsHandler.m; sourceTree = "<group>"; };
		49E1EEDA240813C4003611A8 /* SettingsViewController.h */ = {isa = PBXFileReference; lastKnownFileType = sourcecode.c.h; path = SettingsViewController.h; sourceTree = "<group>"; };
		49E1EEDB240813E4003611A8 /* SettingsViewController.m */ = {isa = PBXFileReference; lastKnownFileType = sourcecode.c.objc; path = SettingsViewController.m; sourceTree = "<group>"; };
/* End PBXFileReference section */

/* Begin PBXFrameworksBuildPhase section */
		49E1EE9424068044003611A8 /* Frameworks */ = {
			isa = PBXFrameworksBuildPhase;
			buildActionMask = 2147483647;
			files = (
			);
			runOnlyForDeploymentPostprocessing = 0;
		};
/* End PBXFrameworksBuildPhase section */

/* Begin PBXGroup section */
		49E1EE8E24068044003611A8 = {
			isa = PBXGroup;
			children = (
				49E1EE9924068044003611A8 /* XP Showcase */,
				49E1EE9824068044003611A8 /* Products */,
			);
			sourceTree = "<group>";
		};
		49E1EE9824068044003611A8 /* Products */ = {
			isa = PBXGroup;
			children = (
				49E1EE9724068044003611A8 /* XP Showcase.app */,
			);
			name = Products;
			sourceTree = "<group>";
		};
		49E1EE9924068044003611A8 /* XP Showcase */ = {
			isa = PBXGroup;
			children = (
				49E1EEAC24068045003611A8 /* main.m */,
				49E1EE9A24068044003611A8 /* AppDelegate.h */,
				49E1EE9B24068044003611A8 /* AppDelegate.m */,
				49E1EE9D24068044003611A8 /* SceneDelegate.h */,
				49E1EE9E24068044003611A8 /* SceneDelegate.m */,
				49E1EEBE2406A30B003611A8 /* Data */,
				49E1EEC524076016003611A8 /* Networking */,
				49E1EEB4240689F2003611A8 /* Utility */,
				49E1EEB924069843003611A8 /* View */,
				49E1EEBA240698D4003611A8 /* ViewModel */,
				49E1EEA624068045003611A8 /* Assets.xcassets */,
				49E1EEA824068045003611A8 /* LaunchScreen.storyboard */,
				49E1EEAB24068045003611A8 /* Info.plist */,
			);
			path = "XP Showcase";
			sourceTree = "<group>";
		};
		49E1EEB4240689F2003611A8 /* Utility */ = {
			isa = PBXGroup;
			children = (
				49E1EEC22406CCC3003611A8 /* Constants.h */,
				49E1EEC32406CD8B003611A8 /* Constants.m */,
				49E1EED724080E59003611A8 /* UserSettingsHandler.h */,
				49E1EED824080E91003611A8 /* UserSettingsHandler.m */,
				49E1EEB724068A91003611A8 /* WindowCreator.h */,
				49E1EEB524068A6D003611A8 /* WindowCreator.m */,
			);
			path = Utility;
			sourceTree = "<group>";
		};
		49E1EEB924069843003611A8 /* View */ = {
			isa = PBXGroup;
			children = (
				49E1EED524080E12003611A8 /* MainScreen */,
				49E1EED624080E27003611A8 /* SettingsScreen */,
			);
			name = View;
			sourceTree = "<group>";
		};
		49E1EEBA240698D4003611A8 /* ViewModel */ = {
			isa = PBXGroup;
			children = (
				49E1EEBB24069946003611A8 /* MainViewControllerViewModel.h */,
				49E1EEBC2406996C003611A8 /* MainViewControllerViewModel.m */,
			);
			name = ViewModel;
			sourceTree = "<group>";
		};
		49E1EEBE2406A30B003611A8 /* Data */ = {
			isa = PBXGroup;
			children = (
				49E1EEBF2406C318003611A8 /* ItemsRepository.h */,
				49E1EEC02406C4D4003611A8 /* ItemsRepository.m */,
			);
			name = Data;
			sourceTree = "<group>";
		};
		49E1EEC524076016003611A8 /* Networking */ = {
			isa = PBXGroup;
			children = (
				49E1EEC624076038003611A8 /* NetworkManager.h */,
				49E1EEC7240760E9003611A8 /* NetworkManager.m */,
				49E1EEC924077135003611A8 /* ImageDownloadOperation.h */,
				49E1EECA24077143003611A8 /* ImageDownloadOperation.m */,
			);
			name = Networking;
			sourceTree = "<group>";
		};
		49E1EED524080E12003611A8 /* MainScreen */ = {
			isa = PBXGroup;
			children = (
				49E1EEB824069077003611A8 /* MainViewController.h */,
				49E1EEA124068044003611A8 /* MainViewController.m */,
				49E1EECC2407BB20003611A8 /* MainCollectionViewCell.h */,
				49E1EECD2407BB68003611A8 /* MainCollectionViewCell.m */,
				49E1EED22407E16B003611A8 /* MainCollectionFlow.h */,
				49E1EED32407E1B6003611A8 /* MainCollectionFlow.m */,
			);
			name = MainScreen;
			sourceTree = "<group>";
		};
		49E1EED624080E27003611A8 /* SettingsScreen */ = {
			isa = PBXGroup;
			children = (
				49E1EEDA240813C4003611A8 /* SettingsViewController.h */,
				49E1EEDB240813E4003611A8 /* SettingsViewController.m */,
			);
			name = SettingsScreen;
			sourceTree = "<group>";
		};
/* End PBXGroup section */

/* Begin PBXNativeTarget section */
		49E1EE9624068044003611A8 /* XP Showcase */ = {
			isa = PBXNativeTarget;
			buildConfigurationList = 49E1EEB024068045003611A8 /* Build configuration list for PBXNativeTarget "XP Showcase" */;
			buildPhases = (
				49E1EE9324068044003611A8 /* Sources */,
				49E1EE9424068044003611A8 /* Frameworks */,
				49E1EE9524068044003611A8 /* Resources */,
			);
			buildRules = (
			);
			dependencies = (
			);
			name = "XP Showcase";
			productName = "XP Showcase";
			productReference = 49E1EE9724068044003611A8 /* XP Showcase.app */;
			productType = "com.apple.product-type.application";
		};
/* End PBXNativeTarget section */

/* Begin PBXProject section */
		49E1EE8F24068044003611A8 /* Project object */ = {
			isa = PBXProject;
			attributes = {
				LastUpgradeCheck = 1130;
				ORGANIZATIONNAME = "Yachin Ilya";
				TargetAttributes = {
					49E1EE9624068044003611A8 = {
						CreatedOnToolsVersion = 11.3.1;
					};
				};
			};
			buildConfigurationList = 49E1EE9224068044003611A8 /* Build configuration list for PBXProject "XP Showcase" */;
			compatibilityVersion = "Xcode 9.3";
			developmentRegion = en;
			hasScannedForEncodings = 0;
			knownRegions = (
				en,
				Base,
			);
			mainGroup = 49E1EE8E24068044003611A8;
			productRefGroup = 49E1EE9824068044003611A8 /* Products */;
			projectDirPath = "";
			projectRoot = "";
			targets = (
				49E1EE9624068044003611A8 /* XP Showcase */,
			);
		};
/* End PBXProject section */

/* Begin PBXResourcesBuildPhase section */
		49E1EE9524068044003611A8 /* Resources */ = {
			isa = PBXResourcesBuildPhase;
			buildActionMask = 2147483647;
			files = (
				49E1EEAA24068045003611A8 /* LaunchScreen.storyboard in Resources */,
				49E1EEA724068045003611A8 /* Assets.xcassets in Resources */,
			);
			runOnlyForDeploymentPostprocessing = 0;
		};
/* End PBXResourcesBuildPhase section */

/* Begin PBXSourcesBuildPhase section */
		49E1EE9324068044003611A8 /* Sources */ = {
			isa = PBXSourcesBuildPhase;
			buildActionMask = 2147483647;
			files = (
				49E1EED42407E1B6003611A8 /* MainCollectionFlow.m in Sources */,
				49E1EED924080E91003611A8 /* UserSettingsHandler.m in Sources */,
				49E1EEA224068044003611A8 /* MainViewController.m in Sources */,
				49E1EECB24077143003611A8 /* ImageDownloadOperation.m in Sources */,
				49E1EE9C24068044003611A8 /* AppDelegate.m in Sources */,
				49E1EECE2407BB68003611A8 /* MainCollectionViewCell.m in Sources */,
				49E1EEBD2406996C003611A8 /* MainViewControllerViewModel.m in Sources */,
				49E1EEC42406CD8B003611A8 /* Constants.m in Sources */,
				49E1EEB624068A6D003611A8 /* WindowCreator.m in Sources */,
				49E1EEAD24068045003611A8 /* main.m in Sources */,
				49E1EE9F24068044003611A8 /* SceneDelegate.m in Sources */,
				49E1EEC8240760E9003611A8 /* NetworkManager.m in Sources */,
				49E1EEC12406C4D4003611A8 /* ItemsRepository.m in Sources */,
				49E1EEDC240813E4003611A8 /* SettingsViewController.m in Sources */,
			);
			runOnlyForDeploymentPostprocessing = 0;
		};
/* End PBXSourcesBuildPhase section */

/* Begin PBXVariantGroup section */
		49E1EEA824068045003611A8 /* LaunchScreen.storyboard */ = {
			isa = PBXVariantGroup;
			children = (
				49E1EEA924068045003611A8 /* Base */,
			);
			name = LaunchScreen.storyboard;
			sourceTree = "<group>";
		};
/* End PBXVariantGroup section */

/* Begin XCBuildConfiguration section */
		49E1EEAE24068045003611A8 /* Debug */ = {
			isa = XCBuildConfiguration;
			buildSettings = {
				ALWAYS_SEARCH_USER_PATHS = NO;
				CLANG_ANALYZER_NONNULL = YES;
				CLANG_ANALYZER_NUMBER_OBJECT_CONVERSION = YES_AGGRESSIVE;
				CLANG_CXX_LANGUAGE_STANDARD = "gnu++14";
				CLANG_CXX_LIBRARY = "libc++";
				CLANG_ENABLE_MODULES = YES;
				CLANG_ENABLE_OBJC_ARC = YES;
				CLANG_ENABLE_OBJC_WEAK = YES;
				CLANG_WARN_BLOCK_CAPTURE_AUTORELEASING = YES;
				CLANG_WARN_BOOL_CONVERSION = YES;
				CLANG_WARN_COMMA = YES;
				CLANG_WARN_CONSTANT_CONVERSION = YES;
				CLANG_WARN_DEPRECATED_OBJC_IMPLEMENTATIONS = YES;
				CLANG_WARN_DIRECT_OBJC_ISA_USAGE = YES_ERROR;
				CLANG_WARN_DOCUMENTATION_COMMENTS = YES;
				CLANG_WARN_EMPTY_BODY = YES;
				CLANG_WARN_ENUM_CONVERSION = YES;
				CLANG_WARN_INFINITE_RECURSION = YES;
				CLANG_WARN_INT_CONVERSION = YES;
				CLANG_WARN_NON_LITERAL_NULL_CONVERSION = YES;
				CLANG_WARN_OBJC_IMPLICIT_RETAIN_SELF = YES;
				CLANG_WARN_OBJC_LITERAL_CONVERSION = YES;
				CLANG_WARN_OBJC_ROOT_CLASS = YES_ERROR;
				CLANG_WARN_RANGE_LOOP_ANALYSIS = YES;
				CLANG_WARN_STRICT_PROTOTYPES = YES;
				CLANG_WARN_SUSPICIOUS_MOVE = YES;
				CLANG_WARN_UNGUARDED_AVAILABILITY = YES_AGGRESSIVE;
				CLANG_WARN_UNREACHABLE_CODE = YES;
				CLANG_WARN__DUPLICATE_METHOD_MATCH = YES;
				COPY_PHASE_STRIP = NO;
				DEBUG_INFORMATION_FORMAT = dwarf;
				ENABLE_STRICT_OBJC_MSGSEND = YES;
				ENABLE_TESTABILITY = YES;
				GCC_C_LANGUAGE_STANDARD = gnu11;
				GCC_DYNAMIC_NO_PIC = NO;
				GCC_NO_COMMON_BLOCKS = YES;
				GCC_OPTIMIZATION_LEVEL = 0;
				GCC_PREPROCESSOR_DEFINITIONS = (
					"DEBUG=1",
					"$(inherited)",
				);
				GCC_WARN_64_TO_32_BIT_CONVERSION = YES;
				GCC_WARN_ABOUT_RETURN_TYPE = YES_ERROR;
				GCC_WARN_UNDECLARED_SELECTOR = YES;
				GCC_WARN_UNINITIALIZED_AUTOS = YES_AGGRESSIVE;
				GCC_WARN_UNUSED_FUNCTION = YES;
				GCC_WARN_UNUSED_VARIABLE = YES;
				IPHONEOS_DEPLOYMENT_TARGET = 13.2;
				MTL_ENABLE_DEBUG_INFO = INCLUDE_SOURCE;
				MTL_FAST_MATH = YES;
				ONLY_ACTIVE_ARCH = YES;
				SDKROOT = iphoneos;
			};
			name = Debug;
		};
		49E1EEAF24068045003611A8 /* Release */ = {
			isa = XCBuildConfiguration;
			buildSettings = {
				ALWAYS_SEARCH_USER_PATHS = NO;
				CLANG_ANALYZER_NONNULL = YES;
				CLANG_ANALYZER_NUMBER_OBJECT_CONVERSION = YES_AGGRESSIVE;
				CLANG_CXX_LANGUAGE_STANDARD = "gnu++14";
				CLANG_CXX_LIBRARY = "libc++";
				CLANG_ENABLE_MODULES = YES;
				CLANG_ENABLE_OBJC_ARC = YES;
				CLANG_ENABLE_OBJC_WEAK = YES;
				CLANG_WARN_BLOCK_CAPTURE_AUTORELEASING = YES;
				CLANG_WARN_BOOL_CONVERSION = YES;
				CLANG_WARN_COMMA = YES;
				CLANG_WARN_CONSTANT_CONVERSION = YES;
				CLANG_WARN_DEPRECATED_OBJC_IMPLEMENTATIONS = YES;
				CLANG_WARN_DIRECT_OBJC_ISA_USAGE = YES_ERROR;
				CLANG_WARN_DOCUMENTATION_COMMENTS = YES;
				CLANG_WARN_EMPTY_BODY = YES;
				CLANG_WARN_ENUM_CONVERSION = YES;
				CLANG_WARN_INFINITE_RECURSION = YES;
				CLANG_WARN_INT_CONVERSION = YES;
				CLANG_WARN_NON_LITERAL_NULL_CONVERSION = YES;
				CLANG_WARN_OBJC_IMPLICIT_RETAIN_SELF = YES;
				CLANG_WARN_OBJC_LITERAL_CONVERSION = YES;
				CLANG_WARN_OBJC_ROOT_CLASS = YES_ERROR;
				CLANG_WARN_RANGE_LOOP_ANALYSIS = YES;
				CLANG_WARN_STRICT_PROTOTYPES = YES;
				CLANG_WARN_SUSPICIOUS_MOVE = YES;
				CLANG_WARN_UNGUARDED_AVAILABILITY = YES_AGGRESSIVE;
				CLANG_WARN_UNREACHABLE_CODE = YES;
				CLANG_WARN__DUPLICATE_METHOD_MATCH = YES;
				COPY_PHASE_STRIP = NO;
				DEBUG_INFORMATION_FORMAT = "dwarf-with-dsym";
				ENABLE_NS_ASSERTIONS = NO;
				ENABLE_STRICT_OBJC_MSGSEND = YES;
				GCC_C_LANGUAGE_STANDARD = gnu11;
				GCC_NO_COMMON_BLOCKS = YES;
				GCC_WARN_64_TO_32_BIT_CONVERSION = YES;
				GCC_WARN_ABOUT_RETURN_TYPE = YES_ERROR;
				GCC_WARN_UNDECLARED_SELECTOR = YES;
				GCC_WARN_UNINITIALIZED_AUTOS = YES_AGGRESSIVE;
				GCC_WARN_UNUSED_FUNCTION = YES;
				GCC_WARN_UNUSED_VARIABLE = YES;
				IPHONEOS_DEPLOYMENT_TARGET = 13.2;
				MTL_ENABLE_DEBUG_INFO = NO;
				MTL_FAST_MATH = YES;
				SDKROOT = iphoneos;
				VALIDATE_PRODUCT = YES;
			};
			name = Release;
		};
		49E1EEB124068045003611A8 /* Debug */ = {
			isa = XCBuildConfiguration;
			buildSettings = {
				ASSETCATALOG_COMPILER_APPICON_NAME = AppIcon;
				CODE_SIGN_STYLE = Automatic;
				DEVELOPMENT_TEAM = 96ZSYGS638;
				INFOPLIST_FILE = "XP Showcase/Info.plist";
				IPHONEOS_DEPLOYMENT_TARGET = 9.0;
				LD_RUNPATH_SEARCH_PATHS = (
					"$(inherited)",
					"@executable_path/Frameworks",
				);
				PRODUCT_BUNDLE_IDENTIFIER = "app.illabo.XP-Showcase";
				PRODUCT_NAME = "$(TARGET_NAME)";
				TARGETED_DEVICE_FAMILY = 1;
			};
			name = Debug;
		};
		49E1EEB224068045003611A8 /* Release */ = {
			isa = XCBuildConfiguration;
			buildSettings = {
				ASSETCATALOG_COMPILER_APPICON_NAME = AppIcon;
				CODE_SIGN_STYLE = Automatic;
				DEVELOPMENT_TEAM = 96ZSYGS638;
				INFOPLIST_FILE = "XP Showcase/Info.plist";
				IPHONEOS_DEPLOYMENT_TARGET = 9.0;
				LD_RUNPATH_SEARCH_PATHS = (
					"$(inherited)",
					"@executable_path/Frameworks",
				);
				PRODUCT_BUNDLE_IDENTIFIER = "app.illabo.XP-Showcase";
				PRODUCT_NAME = "$(TARGET_NAME)";
				TARGETED_DEVICE_FAMILY = 1;
			};
			name = Release;
		};
/* End XCBuildConfiguration section */

/* Begin XCConfigurationList section */
		49E1EE9224068044003611A8 /* Build configuration list for PBXProject "XP Showcase" */ = {
			isa = XCConfigurationList;
			buildConfigurations = (
				49E1EEAE24068045003611A8 /* Debug */,
				49E1EEAF24068045003611A8 /* Release */,
			);
			defaultConfigurationIsVisible = 0;
			defaultConfigurationName = Release;
		};
		49E1EEB024068045003611A8 /* Build configuration list for PBXNativeTarget "XP Showcase" */ = {
			isa = XCConfigurationList;
			buildConfigurations = (
				49E1EEB124068045003611A8 /* Debug */,
				49E1EEB224068045003611A8 /* Release */,
			);
			defaultConfigurationIsVisible = 0;
			defaultConfigurationName = Release;
		};
/* End XCConfigurationList section */
	};
	rootObject = 49E1EE8F24068044003611A8 /* Project object */;
}
